
Microsoft Visual Studio Solution File, Format Version 12.00
# Visual Studio Version 17
VisualStudioVersion = 17.5.33424.131
MinimumVisualStudioVersion = 10.0.40219.1
Project("{9A19103F-16F7-4668-BE54-9A1E7A4F7556}") = "Hello_World", "Hello_World.csproj", "{F5BA445C-5AEE-48D9-B52C-BB602A22656E}"
EndProject
Project("{FAE04EC0-301F-11D3-BF4B-00C04F79EFBC}") = "HelloWorldTests", "..\HelloWorldTests\HelloWorldTests.csproj", "{AE1FBF58-46AB-417E-8973-E8285644280E}"
EndProject
Global
	GlobalSection(SolutionConfigurationPlatforms) = preSolution
		Debug|Any CPU = Debug|Any CPU
		Release|Any CPU = Release|Any CPU
	EndGlobalSection
	GlobalSection(ProjectConfigurationPlatforms) = postSolution
		{F5BA445C-5AEE-48D9-B52C-BB602A22656E}.Debug|Any CPU.ActiveCfg = Debug|Any CPU
		{F5BA445C-5AEE-48D9-B52C-BB602A22656E}.Debug|Any CPU.Build.0 = Debug|Any CPU
		{F5BA445C-5AEE-48D9-B52C-BB602A22656E}.Release|Any CPU.ActiveCfg = Release|Any CPU
		{F5BA445C-5AEE-48D9-B52C-BB602A22656E}.Release|Any CPU.Build.0 = Release|Any CPU
		{AE1FBF58-46AB-417E-8973-E8285644280E}.Debug|Any CPU.ActiveCfg = Debug|Any CPU
		{AE1FBF58-46AB-417E-8973-E8285644280E}.Debug|Any CPU.Build.0 = Debug|Any CPU
		{AE1FBF58-46AB-417E-8973-E8285644280E}.Release|Any CPU.ActiveCfg = Release|Any CPU
		{AE1FBF58-46AB-417E-8973-E8285644280E}.Release|Any CPU.Build.0 = Release|Any CPU
	EndGlobalSection
	GlobalSection(SolutionProperties) = preSolution
		HideSolutionNode = FALSE
	EndGlobalSection
	GlobalSection(ExtensibilityGlobals) = postSolution
		SolutionGuid = {295774AE-AC8F-4E40-B1F9-2993E6075C37}
	EndGlobalSection
EndGlobal
